
Microsoft Visual Studio Solution File, Format Version 12.00
# Visual Studio 15
VisualStudioVersion = 15.0.27703.2042
MinimumVisualStudioVersion = 10.0.40219.1
Project("{FAE04EC0-301F-11D3-BF4B-00C04F79EFBC}") = "Snake", "Snake\Snake.csproj", "{3ABD4FEA-95DE-4E19-A47D-8CF89F8A7800}"
EndProject
Global
	GlobalSection(SolutionConfigurationPlatforms) = preSolution
		Debug|Any CPU = Debug|Any CPU
		Release|Any CPU = Release|Any CPU
	EndGlobalSection
	GlobalSection(ProjectConfigurationPlatforms) = postSolution
		{3ABD4FEA-95DE-4E19-A47D-8CF89F8A7800}.Debug|Any CPU.ActiveCfg = Debug|Any CPU
		{3ABD4FEA-95DE-4E19-A47D-8CF89F8A7800}.Debug|Any CPU.Build.0 = Debug|Any CPU
		{3ABD4FEA-95DE-4E19-A47D-8CF89F8A7800}.Release|Any CPU.ActiveCfg = Release|Any CPU
		{3ABD4FEA-95DE-4E19-A47D-8CF89F8A7800}.Release|Any CPU.Build.0 = Release|Any CPU
	EndGlobalSection
	GlobalSection(SolutionProperties) = preSolution
		HideSolutionNode = FALSE
	EndGlobalSection
	GlobalSection(ExtensibilityGlobals) = postSolution
		SolutionGuid = {BB9944DC-4FFD-429B-8A49-28DA27C5D92E}
	EndGlobalSection
EndGlobal
